
Microsoft Visual Studio Solution File, Format Version 12.00
# Visual Studio 2012
Project("{FAE04EC0-301F-11D3-BF4B-00C04F79EFBC}") = "RemoteScreenViewer", "RemoteScreenViewer\RemoteScreenViewer.csproj", "{5D606611-6D47-4DD0-AD98-056A83BC0FBE}"
EndProject
Project("{FAE04EC0-301F-11D3-BF4B-00C04F79EFBC}") = "RemoteScreenViewerController", "RemoteScreenViewerController\RemoteScreenViewerController.csproj", "{E5C6E819-10BB-4B4E-A09D-010F039B65DA}"
EndProject
Global
	GlobalSection(SolutionConfigurationPlatforms) = preSolution
		Debug|Any CPU = Debug|Any CPU
		Release|Any CPU = Release|Any CPU
	EndGlobalSection
	GlobalSection(ProjectConfigurationPlatforms) = postSolution
		{5D606611-6D47-4DD0-AD98-056A83BC0FBE}.Debug|Any CPU.ActiveCfg = Debug|Any CPU
		{5D606611-6D47-4DD0-AD98-056A83BC0FBE}.Debug|Any CPU.Build.0 = Debug|Any CPU
		{5D606611-6D47-4DD0-AD98-056A83BC0FBE}.Release|Any CPU.ActiveCfg = Release|Any CPU
		{5D606611-6D47-4DD0-AD98-056A83BC0FBE}.Release|Any CPU.Build.0 = Release|Any CPU
		{E5C6E819-10BB-4B4E-A09D-010F039B65DA}.Debug|Any CPU.ActiveCfg = Debug|Any CPU
		{E5C6E819-10BB-4B4E-A09D-010F039B65DA}.Debug|Any CPU.Build.0 = Debug|Any CPU
		{E5C6E819-10BB-4B4E-A09D-010F039B65DA}.Release|Any CPU.ActiveCfg = Release|Any CPU
		{E5C6E819-10BB-4B4E-A09D-010F039B65DA}.Release|Any CPU.Build.0 = Release|Any CPU
	EndGlobalSection
	GlobalSection(SolutionProperties) = preSolution
		HideSolutionNode = FALSE
	EndGlobalSection
EndGlobal
